
Microsoft Visual Studio Solution File, Format Version 12.00
# Visual Studio 15
VisualStudioVersion = 15.0.27703.2035
MinimumVisualStudioVersion = 10.0.40219.1
Project("{FAE04EC0-301F-11D3-BF4B-00C04F79EFBC}") = "EjemploBindings.Android", "EjemploBindings\EjemploBindings.Android\EjemploBindings.Android.csproj", "{EBA82342-2CA6-4025-A831-1064CC78743F}"
EndProject
Project("{FAE04EC0-301F-11D3-BF4B-00C04F79EFBC}") = "EjemploBindings.iOS", "EjemploBindings\EjemploBindings.iOS\EjemploBindings.iOS.csproj", "{1E4CB53F-9F2B-443B-BFF9-636BB40E851C}"
EndProject
Project("{FAE04EC0-301F-11D3-BF4B-00C04F79EFBC}") = "EjemploBindings.UWP", "EjemploBindings\EjemploBindings.UWP\EjemploBindings.UWP.csproj", "{93B1429E-9DA9-4196-A426-8DFC4F772D0D}"
EndProject
Project("{FAE04EC0-301F-11D3-BF4B-00C04F79EFBC}") = "EjemploBindings", "EjemploBindings\EjemploBindings\EjemploBindings.csproj", "{C871EB93-8A11-4F31-BD1C-6C2FE6E055CE}"
EndProject
Global
	GlobalSection(SolutionConfigurationPlatforms) = preSolution
		Ad-Hoc|Any CPU = Ad-Hoc|Any CPU
		Ad-Hoc|ARM = Ad-Hoc|ARM
		Ad-Hoc|iPhone = Ad-Hoc|iPhone
		Ad-Hoc|iPhoneSimulator = Ad-Hoc|iPhoneSimulator
		Ad-Hoc|x64 = Ad-Hoc|x64
		Ad-Hoc|x86 = Ad-Hoc|x86
		AppStore|Any CPU = AppStore|Any CPU
		AppStore|ARM = AppStore|ARM
		AppStore|iPhone = AppStore|iPhone
		AppStore|iPhoneSimulator = AppStore|iPhoneSimulator
		AppStore|x64 = AppStore|x64
		AppStore|x86 = AppStore|x86
		Debug|Any CPU = Debug|Any CPU
		Debug|ARM = Debug|ARM
		Debug|iPhone = Debug|iPhone
		Debug|iPhoneSimulator = Debug|iPhoneSimulator
		Debug|x64 = Debug|x64
		Debug|x86 = Debug|x86
		Release|Any CPU = Release|Any CPU
		Release|ARM = Release|ARM
		Release|iPhone = Release|iPhone
		Release|iPhoneSimulator = Release|iPhoneSimulator
		Release|x64 = Release|x64
		Release|x86 = Release|x86
	EndGlobalSection
	GlobalSection(ProjectConfigurationPlatforms) = postSolution
		{EBA82342-2CA6-4025-A831-1064CC78743F}.Ad-Hoc|Any CPU.ActiveCfg = Release|Any CPU
		{EBA82342-2CA6-4025-A831-1064CC78743F}.Ad-Hoc|Any CPU.Build.0 = Release|Any CPU
		{EBA82342-2CA6-4025-A831-1064CC78743F}.Ad-Hoc|Any CPU.Deploy.0 = Release|Any CPU
		{EBA82342-2CA6-4025-A831-1064CC78743F}.Ad-Hoc|ARM.ActiveCfg = Release|Any CPU
		{EBA82342-2CA6-4025-A831-1064CC78743F}.Ad-Hoc|ARM.Build.0 = Release|Any CPU
		{EBA82342-2CA6-4025-A831-1064CC78743F}.Ad-Hoc|ARM.Deploy.0 = Release|Any CPU
		{EBA82342-2CA6-4025-A831-1064CC78743F}.Ad-Hoc|iPhone.ActiveCfg = Release|Any CPU
		{EBA82342-2CA6-4025-A831-1064CC78743F}.Ad-Hoc|iPhone.Build.0 = Release|Any CPU
		{EBA82342-2CA6-4025-A831-1064CC78743F}.Ad-Hoc|iPhone.Deploy.0 = Release|Any CPU
		{EBA82342-2CA6-4025-A831-1064CC78743F}.Ad-Hoc|iPhoneSimulator.ActiveCfg = Release|Any CPU
		{EBA82342-2CA6-4025-A831-1064CC78743F}.Ad-Hoc|iPhoneSimulator.Build.0 = Release|Any CPU
		{EBA82342-2CA6-4025-A831-1064CC78743F}.Ad-Hoc|iPhoneSimulator.Deploy.0 = Release|Any CPU
		{EBA82342-2CA6-4025-A831-1064CC78743F}.Ad-Hoc|x64.ActiveCfg = Release|Any CPU
		{EBA82342-2CA6-4025-A831-1064CC78743F}.Ad-Hoc|x64.Build.0 = Release|Any CPU
		{EBA82342-2CA6-4025-A831-1064CC78743F}.Ad-Hoc|x64.Deploy.0 = Release|Any CPU
		{EBA82342-2CA6-4025-A831-1064CC78743F}.Ad-Hoc|x86.ActiveCfg = Release|Any CPU
		{EBA82342-2CA6-4025-A831-1064CC78743F}.Ad-Hoc|x86.Build.0 = Release|Any CPU
		{EBA82342-2CA6-4025-A831-1064CC78743F}.Ad-Hoc|x86.Deploy.0 = Release|Any CPU
		{EBA82342-2CA6-4025-A831-1064CC78743F}.AppStore|Any CPU.ActiveCfg = Release|Any CPU
		{EBA82342-2CA6-4025-A831-1064CC78743F}.AppStore|Any CPU.Build.0 = Release|Any CPU
		{EBA82342-2CA6-4025-A831-1064CC78743F}.AppStore|Any CPU.Deploy.0 = Release|Any CPU
		{EBA82342-2CA6-4025-A831-1064CC78743F}.AppStore|ARM.ActiveCfg = Release|Any CPU
		{EBA82342-2CA6-4025-A831-1064CC78743F}.AppStore|ARM.Build.0 = Release|Any CPU
		{EBA82342-2CA6-4025-A831-1064CC78743F}.AppStore|ARM.Deploy.0 = Release|Any CPU
		{EBA82342-2CA6-4025-A831-1064CC78743F}.AppStore|iPhone.ActiveCfg = Release|Any CPU
		{EBA82342-2CA6-4025-A831-1064CC78743F}.AppStore|iPhone.Build.0 = Release|Any CPU
		{EBA82342-2CA6-4025-A831-1064CC78743F}.AppStore|iPhone.Deploy.0 = Release|Any CPU
		{EBA82342-2CA6-4025-A831-1064CC78743F}.AppStore|iPhoneSimulator.ActiveCfg = Release|Any CPU
		{EBA82342-2CA6-4025-A831-1064CC78743F}.AppStore|iPhoneSimulator.Build.0 = Release|Any CPU
		{EBA82342-2CA6-4025-A831-1064CC78743F}.AppStore|iPhoneSimulator.Deploy.0 = Release|Any CPU
		{EBA82342-2CA6-4025-A831-1064CC78743F}.AppStore|x64.ActiveCfg = Release|Any CPU
		{EBA82342-2CA6-4025-A831-1064CC78743F}.AppStore|x64.Build.0 = Release|Any CPU
		{EBA82342-2CA6-4025-A831-1064CC78743F}.AppStore|x64.Deploy.0 = Release|Any CPU
		{EBA82342-2CA6-4025-A831-1064CC78743F}.AppStore|x86.ActiveCfg = Release|Any CPU
		{EBA82342-2CA6-4025-A831-1064CC78743F}.AppStore|x86.Build.0 = Release|Any CPU
		{EBA82342-2CA6-4025-A831-1064CC78743F}.AppStore|x86.Deploy.0 = Release|Any CPU
		{EBA82342-2CA6-4025-A831-1064CC78743F}.Debug|Any CPU.ActiveCfg = Debug|Any CPU
		{EBA82342-2CA6-4025-A831-1064CC78743F}.Debug|Any CPU.Build.0 = Debug|Any CPU
		{EBA82342-2CA6-4025-A831-1064CC78743F}.Debug|Any CPU.Deploy.0 = Debug|Any CPU
		{EBA82342-2CA6-4025-A831-1064CC78743F}.Debug|ARM.ActiveCfg = Debug|Any CPU
		{EBA82342-2CA6-4025-A831-1064CC78743F}.Debug|ARM.Build.0 = Debug|Any CPU
		{EBA82342-2CA6-4025-A831-1064CC78743F}.Debug|ARM.Deploy.0 = Debug|Any CPU
		{EBA82342-2CA6-4025-A831-1064CC78743F}.Debug|iPhone.ActiveCfg = Debug|Any CPU
		{EBA82342-2CA6-4025-A831-1064CC78743F}.Debug|iPhone.Build.0 = Debug|Any CPU
		{EBA82342-2CA6-4025-A831-1064CC78743F}.Debug|iPhone.Deploy.0 = Debug|Any CPU
		{EBA82342-2CA6-4025-A831-1064CC78743F}.Debug|iPhoneSimulator.ActiveCfg = Debug|Any CPU
		{EBA82342-2CA6-4025-A831-1064CC78743F}.Debug|iPhoneSimulator.Build.0 = Debug|Any CPU
		{EBA82342-2CA6-4025-A831-1064CC78743F}.Debug|iPhoneSimulator.Deploy.0 = Debug|Any CPU
		{EBA82342-2CA6-4025-A831-1064CC78743F}.Debug|x64.ActiveCfg = Debug|Any CPU
		{EBA82342-2CA6-4025-A831-1064CC78743F}.Debug|x64.Build.0 = Debug|Any CPU
		{EBA82342-2CA6-4025-A831-1064CC78743F}.Debug|x64.Deploy.0 = Debug|Any CPU
		{EBA82342-2CA6-4025-A831-1064CC78743F}.Debug|x86.ActiveCfg = Debug|Any CPU
		{EBA82342-2CA6-4025-A831-1064CC78743F}.Debug|x86.Build.0 = Debug|Any CPU
		{EBA82342-2CA6-4025-A831-1064CC78743F}.Debug|x86.Deploy.0 = Debug|Any CPU
		{EBA82342-2CA6-4025-A831-1064CC78743F}.Release|Any CPU.ActiveCfg = Release|Any CPU
		{EBA82342-2CA6-4025-A831-1064CC78743F}.Release|Any CPU.Build.0 = Release|Any CPU
		{EBA82342-2CA6-4025-A831-1064CC78743F}.Release|Any CPU.Deploy.0 = Release|Any CPU
		{EBA82342-2CA6-4025-A831-1064CC78743F}.Release|ARM.ActiveCfg = Release|Any CPU
		{EBA82342-2CA6-4025-A831-1064CC78743F}.Release|ARM.Build.0 = Release|Any CPU
		{EBA82342-2CA6-4025-A831-1064CC78743F}.Release|ARM.Deploy.0 = Release|Any CPU
		{EBA82342-2CA6-4025-A831-1064CC78743F}.Release|iPhone.ActiveCfg = Release|Any CPU
		{EBA82342-2CA6-4025-A831-1064CC78743F}.Release|iPhone.Build.0 = Release|Any CPU
		{EBA82342-2CA6-4025-A831-1064CC78743F}.Release|iPhone.Deploy.0 = Release|Any CPU
		{EBA82342-2CA6-4025-A831-1064CC78743F}.Release|iPhoneSimulator.ActiveCfg = Release|Any CPU
		{EBA82342-2CA6-4025-A831-1064CC78743F}.Release|iPhoneSimulator.Build.0 = Release|Any CPU
		{EBA82342-2CA6-4025-A831-1064CC78743F}.Release|iPhoneSimulator.Deploy.0 = Release|Any CPU
		{EBA82342-2CA6-4025-A831-1064CC78743F}.Release|x64.ActiveCfg = Release|Any CPU
		{EBA82342-2CA6-4025-A831-1064CC78743F}.Release|x64.Build.0 = Release|Any CPU
		{EBA82342-2CA6-4025-A831-1064CC78743F}.Release|x64.Deploy.0 = Release|Any CPU
		{EBA82342-2CA6-4025-A831-1064CC78743F}.Release|x86.ActiveCfg = Release|Any CPU
		{EBA82342-2CA6-4025-A831-1064CC78743F}.Release|x86.Build.0 = Release|Any CPU
		{EBA82342-2CA6-4025-A831-1064CC78743F}.Release|x86.Deploy.0 = Release|Any CPU
		{1E4CB53F-9F2B-443B-BFF9-636BB40E851C}.Ad-Hoc|Any CPU.ActiveCfg = Ad-Hoc|iPhone
		{1E4CB53F-9F2B-443B-BFF9-636BB40E851C}.Ad-Hoc|Any CPU.Build.0 = Ad-Hoc|iPhone
		{1E4CB53F-9F2B-443B-BFF9-636BB40E851C}.Ad-Hoc|Any CPU.Deploy.0 = Ad-Hoc|iPhone
		{1E4CB53F-9F2B-443B-BFF9-636BB40E851C}.Ad-Hoc|ARM.ActiveCfg = Ad-Hoc|iPhone
		{1E4CB53F-9F2B-443B-BFF9-636BB40E851C}.Ad-Hoc|ARM.Build.0 = Ad-Hoc|iPhone
		{1E4CB53F-9F2B-443B-BFF9-636BB40E851C}.Ad-Hoc|ARM.Deploy.0 = Ad-Hoc|iPhone
		{1E4CB53F-9F2B-443B-BFF9-636BB40E851C}.Ad-Hoc|iPhone.ActiveCfg = Ad-Hoc|iPhone
		{1E4CB53F-9F2B-443B-BFF9-636BB40E851C}.Ad-Hoc|iPhone.Build.0 = Ad-Hoc|iPhone
		{1E4CB53F-9F2B-443B-BFF9-636BB40E851C}.Ad-Hoc|iPhone.Deploy.0 = Ad-Hoc|iPhone
		{1E4CB53F-9F2B-443B-BFF9-636BB40E851C}.Ad-Hoc|iPhoneSimulator.ActiveCfg = Ad-Hoc|iPhoneSimulator
		{1E4CB53F-9F2B-443B-BFF9-636BB40E851C}.Ad-Hoc|iPhoneSimulator.Build.0 = Ad-Hoc|iPhoneSimulator
		{1E4CB53F-9F2B-443B-BFF9-636BB40E851C}.Ad-Hoc|iPhoneSimulator.Deploy.0 = Ad-Hoc|iPhoneSimulator
		{1E4CB53F-9F2B-443B-BFF9-636BB40E851C}.Ad-Hoc|x64.ActiveCfg = Ad-Hoc|iPhone
		{1E4CB53F-9F2B-443B-BFF9-636BB40E851C}.Ad-Hoc|x64.Build.0 = Ad-Hoc|iPhone
		{1E4CB53F-9F2B-443B-BFF9-636BB40E851C}.Ad-Hoc|x64.Deploy.0 = Ad-Hoc|iPhone
		{1E4CB53F-9F2B-443B-BFF9-636BB40E851C}.Ad-Hoc|x86.ActiveCfg = Ad-Hoc|iPhone
		{1E4CB53F-9F2B-443B-BFF9-636BB40E851C}.Ad-Hoc|x86.Build.0 = Ad-Hoc|iPhone
		{1E4CB53F-9F2B-443B-BFF9-636BB40E851C}.Ad-Hoc|x86.Deploy.0 = Ad-Hoc|iPhone
		{1E4CB53F-9F2B-443B-BFF9-636BB40E851C}.AppStore|Any CPU.ActiveCfg = AppStore|iPhone
		{1E4CB53F-9F2B-443B-BFF9-636BB40E851C}.AppStore|Any CPU.Build.0 = AppStore|iPhone
		{1E4CB53F-9F2B-443B-BFF9-636BB40E851C}.AppStore|Any CPU.Deploy.0 = AppStore|iPhone
		{1E4CB53F-9F2B-443B-BFF9-636BB40E851C}.AppStore|ARM.ActiveCfg = AppStore|iPhone
		{1E4CB53F-9F2B-443B-BFF9-636BB40E851C}.AppStore|ARM.Build.0 = AppStore|iPhone
		{1E4CB53F-9F2B-443B-BFF9-636BB40E851C}.AppStore|ARM.Deploy.0 = AppStore|iPhone
		{1E4CB53F-9F2B-443B-BFF9-636BB40E851C}.AppStore|iPhone.ActiveCfg = AppStore|iPhone
		{1E4CB53F-9F2B-443B-BFF9-636BB40E851C}.AppStore|iPhone.Build.0 = AppStore|iPhone
		{1E4CB53F-9F2B-443B-BFF9-636BB40E851C}.AppStore|iPhone.Deploy.0 = AppStore|iPhone
		{1E4CB53F-9F2B-443B-BFF9-636BB40E851C}.AppStore|iPhoneSimulator.ActiveCfg = AppStore|iPhoneSimulator
		{1E4CB53F-9F2B-443B-BFF9-636BB40E851C}.AppStore|iPhoneSimulator.Build.0 = AppStore|iPhoneSimulator
		{1E4CB53F-9F2B-443B-BFF9-636BB40E851C}.AppStore|iPhoneSimulator.Deploy.0 = AppStore|iPhoneSimulator
		{1E4CB53F-9F2B-443B-BFF9-636BB40E851C}.AppStore|x64.ActiveCfg = AppStore|iPhone
		{1E4CB53F-9F2B-443B-BFF9-636BB40E851C}.AppStore|x64.Build.0 = AppStore|iPhone
		{1E4CB53F-9F2B-443B-BFF9-636BB40E851C}.AppStore|x64.Deploy.0 = AppStore|iPhone
		{1E4CB53F-9F2B-443B-BFF9-636BB40E851C}.AppStore|x86.ActiveCfg = AppStore|iPhone
		{1E4CB53F-9F2B-443B-BFF9-636BB40E851C}.AppStore|x86.Build.0 = AppStore|iPhone
		{1E4CB53F-9F2B-443B-BFF9-636BB40E851C}.AppStore|x86.Deploy.0 = AppStore|iPhone
		{1E4CB53F-9F2B-443B-BFF9-636BB40E851C}.Debug|Any CPU.ActiveCfg = Debug|iPhoneSimulator
		{1E4CB53F-9F2B-443B-BFF9-636BB40E851C}.Debug|Any CPU.Build.0 = Debug|iPhoneSimulator
		{1E4CB53F-9F2B-443B-BFF9-636BB40E851C}.Debug|Any CPU.Deploy.0 = Debug|iPhoneSimulator
		{1E4CB53F-9F2B-443B-BFF9-636BB40E851C}.Debug|ARM.ActiveCfg = Debug|iPhone
		{1E4CB53F-9F2B-443B-BFF9-636BB40E851C}.Debug|ARM.Build.0 = Debug|iPhone
		{1E4CB53F-9F2B-443B-BFF9-636BB40E851C}.Debug|ARM.Deploy.0 = Debug|iPhone
		{1E4CB53F-9F2B-443B-BFF9-636BB40E851C}.Debug|iPhone.ActiveCfg = Debug|iPhone
		{1E4CB53F-9F2B-443B-BFF9-636BB40E851C}.Debug|iPhone.Build.0 = Debug|iPhone
		{1E4CB53F-9F2B-443B-BFF9-636BB40E851C}.Debug|iPhone.Deploy.0 = Debug|iPhone
		{1E4CB53F-9F2B-443B-BFF9-636BB40E851C}.Debug|iPhoneSimulator.ActiveCfg = Debug|iPhoneSimulator
		{1E4CB53F-9F2B-443B-BFF9-636BB40E851C}.Debug|iPhoneSimulator.Build.0 = Debug|iPhoneSimulator
		{1E4CB53F-9F2B-443B-BFF9-636BB40E851C}.Debug|iPhoneSimulator.Deploy.0 = Debug|iPhoneSimulator
		{1E4CB53F-9F2B-443B-BFF9-636BB40E851C}.Debug|x64.ActiveCfg = Debug|iPhone
		{1E4CB53F-9F2B-443B-BFF9-636BB40E851C}.Debug|x64.Build.0 = Debug|iPhone
		{1E4CB53F-9F2B-443B-BFF9-636BB40E851C}.Debug|x64.Deploy.0 = Debug|iPhone
		{1E4CB53F-9F2B-443B-BFF9-636BB40E851C}.Debug|x86.ActiveCfg = Debug|iPhone
		{1E4CB53F-9F2B-443B-BFF9-636BB40E851C}.Debug|x86.Build.0 = Debug|iPhone
		{1E4CB53F-9F2B-443B-BFF9-636BB40E851C}.Debug|x86.Deploy.0 = Debug|iPhone
		{1E4CB53F-9F2B-443B-BFF9-636BB40E851C}.Release|Any CPU.ActiveCfg = Release|iPhone
		{1E4CB53F-9F2B-443B-BFF9-636BB40E851C}.Release|Any CPU.Build.0 = Release|iPhone
		{1E4CB53F-9F2B-443B-BFF9-636BB40E851C}.Release|Any CPU.Deploy.0 = Release|iPhone
		{1E4CB53F-9F2B-443B-BFF9-636BB40E851C}.Release|ARM.ActiveCfg = Release|iPhone
		{1E4CB53F-9F2B-443B-BFF9-636BB40E851C}.Release|ARM.Build.0 = Release|iPhone
		{1E4CB53F-9F2B-443B-BFF9-636BB40E851C}.Release|ARM.Deploy.0 = Release|iPhone
		{1E4CB53F-9F2B-443B-BFF9-636BB40E851C}.Release|iPhone.ActiveCfg = Release|iPhone
		{1E4CB53F-9F2B-443B-BFF9-636BB40E851C}.Release|iPhone.Build.0 = Release|iPhone
		{1E4CB53F-9F2B-443B-BFF9-636BB40E851C}.Release|iPhone.Deploy.0 = Release|iPhone
		{1E4CB53F-9F2B-443B-BFF9-636BB40E851C}.Release|iPhoneSimulator.ActiveCfg = Release|iPhoneSimulator
		{1E4CB53F-9F2B-443B-BFF9-636BB40E851C}.Release|iPhoneSimulator.Build.0 = Release|iPhoneSimulator
		{1E4CB53F-9F2B-443B-BFF9-636BB40E851C}.Release|iPhoneSimulator.Deploy.0 = Release|iPhoneSimulator
		{1E4CB53F-9F2B-443B-BFF9-636BB40E851C}.Release|x64.ActiveCfg = Release|iPhone
		{1E4CB53F-9F2B-443B-BFF9-636BB40E851C}.Release|x64.Build.0 = Release|iPhone
		{1E4CB53F-9F2B-443B-BFF9-636BB40E851C}.Release|x64.Deploy.0 = Release|iPhone
		{1E4CB53F-9F2B-443B-BFF9-636BB40E851C}.Release|x86.ActiveCfg = Release|iPhone
		{1E4CB53F-9F2B-443B-BFF9-636BB40E851C}.Release|x86.Build.0 = Release|iPhone
		{1E4CB53F-9F2B-443B-BFF9-636BB40E851C}.Release|x86.Deploy.0 = Release|iPhone
		{93B1429E-9DA9-4196-A426-8DFC4F772D0D}.Ad-Hoc|Any CPU.ActiveCfg = Release|x86
		{93B1429E-9DA9-4196-A426-8DFC4F772D0D}.Ad-Hoc|Any CPU.Build.0 = Release|x86
		{93B1429E-9DA9-4196-A426-8DFC4F772D0D}.Ad-Hoc|Any CPU.Deploy.0 = Release|x86
		{93B1429E-9DA9-4196-A426-8DFC4F772D0D}.Ad-Hoc|ARM.ActiveCfg = Release|ARM
		{93B1429E-9DA9-4196-A426-8DFC4F772D0D}.Ad-Hoc|ARM.Build.0 = Release|ARM
		{93B1429E-9DA9-4196-A426-8DFC4F772D0D}.Ad-Hoc|ARM.Deploy.0 = Release|ARM
		{93B1429E-9DA9-4196-A426-8DFC4F772D0D}.Ad-Hoc|iPhone.ActiveCfg = Release|x86
		{93B1429E-9DA9-4196-A426-8DFC4F772D0D}.Ad-Hoc|iPhone.Build.0 = Release|x86
		{93B1429E-9DA9-4196-A426-8DFC4F772D0D}.Ad-Hoc|iPhone.Deploy.0 = Release|x86
		{93B1429E-9DA9-4196-A426-8DFC4F772D0D}.Ad-Hoc|iPhoneSimulator.ActiveCfg = Release|x86
		{93B1429E-9DA9-4196-A426-8DFC4F772D0D}.Ad-Hoc|iPhoneSimulator.Build.0 = Release|x86
		{93B1429E-9DA9-4196-A426-8DFC4F772D0D}.Ad-Hoc|iPhoneSimulator.Deploy.0 = Release|x86
		{93B1429E-9DA9-4196-A426-8DFC4F772D0D}.Ad-Hoc|x64.ActiveCfg = Release|x64
		{93B1429E-9DA9-4196-A426-8DFC4F772D0D}.Ad-Hoc|x64.Build.0 = Release|x64
		{93B1429E-9DA9-4196-A426-8DFC4F772D0D}.Ad-Hoc|x64.Deploy.0 = Release|x64
		{93B1429E-9DA9-4196-A426-8DFC4F772D0D}.Ad-Hoc|x86.ActiveCfg = Release|x86
		{93B1429E-9DA9-4196-A426-8DFC4F772D0D}.Ad-Hoc|x86.Build.0 = Release|x86
		{93B1429E-9DA9-4196-A426-8DFC4F772D0D}.Ad-Hoc|x86.Deploy.0 = Release|x86
		{93B1429E-9DA9-4196-A426-8DFC4F772D0D}.AppStore|Any CPU.ActiveCfg = Release|x86
		{93B1429E-9DA9-4196-A426-8DFC4F772D0D}.AppStore|Any CPU.Build.0 = Release|x86
		{93B1429E-9DA9-4196-A426-8DFC4F772D0D}.AppStore|Any CPU.Deploy.0 = Release|x86
		{93B1429E-9DA9-4196-A426-8DFC4F772D0D}.AppStore|ARM.ActiveCfg = Release|ARM
		{93B1429E-9DA9-4196-A426-8DFC4F772D0D}.AppStore|ARM.Build.0 = Release|ARM
		{93B1429E-9DA9-4196-A426-8DFC4F772D0D}.AppStore|ARM.Deploy.0 = Release|ARM
		{93B1429E-9DA9-4196-A426-8DFC4F772D0D}.AppStore|iPhone.ActiveCfg = Release|x86
		{93B1429E-9DA9-4196-A426-8DFC4F772D0D}.AppStore|iPhone.Build.0 = Release|x86
		{93B1429E-9DA9-4196-A426-8DFC4F772D0D}.AppStore|iPhone.Deploy.0 = Release|x86
		{93B1429E-9DA9-4196-A426-8DFC4F772D0D}.AppStore|iPhoneSimulator.ActiveCfg = Release|x86
		{93B1429E-9DA9-4196-A426-8DFC4F772D0D}.AppStore|iPhoneSimulator.Build.0 = Release|x86
		{93B1429E-9DA9-4196-A426-8DFC4F772D0D}.AppStore|iPhoneSimulator.Deploy.0 = Release|x86
		{93B1429E-9DA9-4196-A426-8DFC4F772D0D}.AppStore|x64.ActiveCfg = Release|x64
		{93B1429E-9DA9-4196-A426-8DFC4F772D0D}.AppStore|x64.Build.0 = Release|x64
		{93B1429E-9DA9-4196-A426-8DFC4F772D0D}.AppStore|x64.Deploy.0 = Release|x64
		{93B1429E-9DA9-4196-A426-8DFC4F772D0D}.AppStore|x86.ActiveCfg = Release|x86
		{93B1429E-9DA9-4196-A426-8DFC4F772D0D}.AppStore|x86.Build.0 = Release|x86
		{93B1429E-9DA9-4196-A426-8DFC4F772D0D}.AppStore|x86.Deploy.0 = Release|x86
		{93B1429E-9DA9-4196-A426-8DFC4F772D0D}.Debug|Any CPU.ActiveCfg = Debug|x86
		{93B1429E-9DA9-4196-A426-8DFC4F772D0D}.Debug|Any CPU.Build.0 = Debug|x86
		{93B1429E-9DA9-4196-A426-8DFC4F772D0D}.Debug|Any CPU.Deploy.0 = Debug|x86
		{93B1429E-9DA9-4196-A426-8DFC4F772D0D}.Debug|ARM.ActiveCfg = Debug|ARM
		{93B1429E-9DA9-4196-A426-8DFC4F772D0D}.Debug|ARM.Build.0 = Debug|ARM
		{93B1429E-9DA9-4196-A426-8DFC4F772D0D}.Debug|ARM.Deploy.0 = Debug|ARM
		{93B1429E-9DA9-4196-A426-8DFC4F772D0D}.Debug|iPhone.ActiveCfg = Debug|x86
		{93B1429E-9DA9-4196-A426-8DFC4F772D0D}.Debug|iPhone.Build.0 = Debug|x86
		{93B1429E-9DA9-4196-A426-8DFC4F772D0D}.Debug|iPhone.Deploy.0 = Debug|x86
		{93B1429E-9DA9-4196-A426-8DFC4F772D0D}.Debug|iPhoneSimulator.ActiveCfg = Debug|x86
		{93B1429E-9DA9-4196-A426-8DFC4F772D0D}.Debug|iPhoneSimulator.Build.0 = Debug|x86
		{93B1429E-9DA9-4196-A426-8DFC4F772D0D}.Debug|iPhoneSimulator.Deploy.0 = Debug|x86
		{93B1429E-9DA9-4196-A426-8DFC4F772D0D}.Debug|x64.ActiveCfg = Debug|x64
		{93B1429E-9DA9-4196-A426-8DFC4F772D0D}.Debug|x64.Build.0 = Debug|x64
		{93B1429E-9DA9-4196-A426-8DFC4F772D0D}.Debug|x64.Deploy.0 = Debug|x64
		{93B1429E-9DA9-4196-A426-8DFC4F772D0D}.Debug|x86.ActiveCfg = Debug|x86
		{93B1429E-9DA9-4196-A426-8DFC4F772D0D}.Debug|x86.Build.0 = Debug|x86
		{93B1429E-9DA9-4196-A426-8DFC4F772D0D}.Debug|x86.Deploy.0 = Debug|x86
		{93B1429E-9DA9-4196-A426-8DFC4F772D0D}.Release|Any CPU.ActiveCfg = Release|x86
		{93B1429E-9DA9-4196-A426-8DFC4F772D0D}.Release|Any CPU.Build.0 = Release|x86
		{93B1429E-9DA9-4196-A426-8DFC4F772D0D}.Release|Any CPU.Deploy.0 = Release|x86
		{93B1429E-9DA9-4196-A426-8DFC4F772D0D}.Release|ARM.ActiveCfg = Release|ARM
		{93B1429E-9DA9-4196-A426-8DFC4F772D0D}.Release|ARM.Build.0 = Release|ARM
		{93B1429E-9DA9-4196-A426-8DFC4F772D0D}.Release|ARM.Deploy.0 = Release|ARM
		{93B1429E-9DA9-4196-A426-8DFC4F772D0D}.Release|iPhone.ActiveCfg = Release|x86
		{93B1429E-9DA9-4196-A426-8DFC4F772D0D}.Release|iPhone.Build.0 = Release|x86
		{93B1429E-9DA9-4196-A426-8DFC4F772D0D}.Release|iPhone.Deploy.0 = Release|x86
		{93B1429E-9DA9-4196-A426-8DFC4F772D0D}.Release|iPhoneSimulator.ActiveCfg = Release|x86
		{93B1429E-9DA9-4196-A426-8DFC4F772D0D}.Release|iPhoneSimulator.Build.0 = Release|x86
		{93B1429E-9DA9-4196-A426-8DFC4F772D0D}.Release|iPhoneSimulator.Deploy.0 = Release|x86
		{93B1429E-9DA9-4196-A426-8DFC4F772D0D}.Release|x64.ActiveCfg = Release|x64
		{93B1429E-9DA9-4196-A426-8DFC4F772D0D}.Release|x64.Build.0 = Release|x64
		{93B1429E-9DA9-4196-A426-8DFC4F772D0D}.Release|x64.Deploy.0 = Release|x64
		{93B1429E-9DA9-4196-A426-8DFC4F772D0D}.Release|x86.ActiveCfg = Release|x86
		{93B1429E-9DA9-4196-A426-8DFC4F772D0D}.Release|x86.Build.0 = Release|x86
		{93B1429E-9DA9-4196-A426-8DFC4F772D0D}.Release|x86.Deploy.0 = Release|x86
		{C871EB93-8A11-4F31-BD1C-6C2FE6E055CE}.Ad-Hoc|Any CPU.ActiveCfg = Debug|Any CPU
		{C871EB93-8A11-4F31-BD1C-6C2FE6E055CE}.Ad-Hoc|Any CPU.Build.0 = Debug|Any CPU
		{C871EB93-8A11-4F31-BD1C-6C2FE6E055CE}.Ad-Hoc|Any CPU.Deploy.0 = Debug|Any CPU
		{C871EB93-8A11-4F31-BD1C-6C2FE6E055CE}.Ad-Hoc|ARM.ActiveCfg = Debug|Any CPU
		{C871EB93-8A11-4F31-BD1C-6C2FE6E055CE}.Ad-Hoc|ARM.Build.0 = Debug|Any CPU
		{C871EB93-8A11-4F31-BD1C-6C2FE6E055CE}.Ad-Hoc|ARM.Deploy.0 = Debug|Any CPU
		{C871EB93-8A11-4F31-BD1C-6C2FE6E055CE}.Ad-Hoc|iPhone.ActiveCfg = Debug|Any CPU
		{C871EB93-8A11-4F31-BD1C-6C2FE6E055CE}.Ad-Hoc|iPhone.Build.0 = Debug|Any CPU
		{C871EB93-8A11-4F31-BD1C-6C2FE6E055CE}.Ad-Hoc|iPhone.Deploy.0 = Debug|Any CPU
		{C871EB93-8A11-4F31-BD1C-6C2FE6E055CE}.Ad-Hoc|iPhoneSimulator.ActiveCfg = Debug|Any CPU
		{C871EB93-8A11-4F31-BD1C-6C2FE6E055CE}.Ad-Hoc|iPhoneSimulator.Build.0 = Debug|Any CPU
		{C871EB93-8A11-4F31-BD1C-6C2FE6E055CE}.Ad-Hoc|iPhoneSimulator.Deploy.0 = Debug|Any CPU
		{C871EB93-8A11-4F31-BD1C-6C2FE6E055CE}.Ad-Hoc|x64.ActiveCfg = Debug|Any CPU
		{C871EB93-8A11-4F31-BD1C-6C2FE6E055CE}.Ad-Hoc|x64.Build.0 = Debug|Any CPU
		{C871EB93-8A11-4F31-BD1C-6C2FE6E055CE}.Ad-Hoc|x64.Deploy.0 = Debug|Any CPU
		{C871EB93-8A11-4F31-BD1C-6C2FE6E055CE}.Ad-Hoc|x86.ActiveCfg = Debug|Any CPU
		{C871EB93-8A11-4F31-BD1C-6C2FE6E055CE}.Ad-Hoc|x86.Build.0 = Debug|Any CPU
		{C871EB93-8A11-4F31-BD1C-6C2FE6E055CE}.Ad-Hoc|x86.Deploy.0 = Debug|Any CPU
		{C871EB93-8A11-4F31-BD1C-6C2FE6E055CE}.AppStore|Any CPU.ActiveCfg = Debug|Any CPU
		{C871EB93-8A11-4F31-BD1C-6C2FE6E055CE}.AppStore|Any CPU.Build.0 = Debug|Any CPU
		{C871EB93-8A11-4F31-BD1C-6C2FE6E055CE}.AppStore|Any CPU.Deploy.0 = Debug|Any CPU
		{C871EB93-8A11-4F31-BD1C-6C2FE6E055CE}.AppStore|ARM.ActiveCfg = Debug|Any CPU
		{C871EB93-8A11-4F31-BD1C-6C2FE6E055CE}.AppStore|ARM.Build.0 = Debug|Any CPU
		{C871EB93-8A11-4F31-BD1C-6C2FE6E055CE}.AppStore|ARM.Deploy.0 = Debug|Any CPU
		{C871EB93-8A11-4F31-BD1C-6C2FE6E055CE}.AppStore|iPhone.ActiveCfg = Debug|Any CPU
		{C871EB93-8A11-4F31-BD1C-6C2FE6E055CE}.AppStore|iPhone.Build.0 = Debug|Any CPU
		{C871EB93-8A11-4F31-BD1C-6C2FE6E055CE}.AppStore|iPhone.Deploy.0 = Debug|Any CPU
		{C871EB93-8A11-4F31-BD1C-6C2FE6E055CE}.AppStore|iPhoneSimulator.ActiveCfg = Debug|Any CPU
		{C871EB93-8A11-4F31-BD1C-6C2FE6E055CE}.AppStore|iPhoneSimulator.Build.0 = Debug|Any CPU
		{C871EB93-8A11-4F31-BD1C-6C2FE6E055CE}.AppStore|iPhoneSimulator.Deploy.0 = Debug|Any CPU
		{C871EB93-8A11-4F31-BD1C-6C2FE6E055CE}.AppStore|x64.ActiveCfg = Debug|Any CPU
		{C871EB93-8A11-4F31-BD1C-6C2FE6E055CE}.AppStore|x64.Build.0 = Debug|Any CPU
		{C871EB93-8A11-4F31-BD1C-6C2FE6E055CE}.AppStore|x64.Deploy.0 = Debug|Any CPU
		{C871EB93-8A11-4F31-BD1C-6C2FE6E055CE}.AppStore|x86.ActiveCfg = Debug|Any CPU
		{C871EB93-8A11-4F31-BD1C-6C2FE6E055CE}.AppStore|x86.Build.0 = Debug|Any CPU
		{C871EB93-8A11-4F31-BD1C-6C2FE6E055CE}.AppStore|x86.Deploy.0 = Debug|Any CPU
		{C871EB93-8A11-4F31-BD1C-6C2FE6E055CE}.Debug|Any CPU.ActiveCfg = Debug|Any CPU
		{C871EB93-8A11-4F31-BD1C-6C2FE6E055CE}.Debug|Any CPU.Build.0 = Debug|Any CPU
		{C871EB93-8A11-4F31-BD1C-6C2FE6E055CE}.Debug|Any CPU.Deploy.0 = Debug|Any CPU
		{C871EB93-8A11-4F31-BD1C-6C2FE6E055CE}.Debug|ARM.ActiveCfg = Debug|Any CPU
		{C871EB93-8A11-4F31-BD1C-6C2FE6E055CE}.Debug|ARM.Build.0 = Debug|Any CPU
		{C871EB93-8A11-4F31-BD1C-6C2FE6E055CE}.Debug|ARM.Deploy.0 = Debug|Any CPU
		{C871EB93-8A11-4F31-BD1C-6C2FE6E055CE}.Debug|iPhone.ActiveCfg = Debug|Any CPU
		{C871EB93-8A11-4F31-BD1C-6C2FE6E055CE}.Debug|iPhone.Build.0 = Debug|Any CPU
		{C871EB93-8A11-4F31-BD1C-6C2FE6E055CE}.Debug|iPhone.Deploy.0 = Debug|Any CPU
		{C871EB93-8A11-4F31-BD1C-6C2FE6E055CE}.Debug|iPhoneSimulator.ActiveCfg = Debug|Any CPU
		{C871EB93-8A11-4F31-BD1C-6C2FE6E055CE}.Debug|iPhoneSimulator.Build.0 = Debug|Any CPU
		{C871EB93-8A11-4F31-BD1C-6C2FE6E055CE}.Debug|iPhoneSimulator.Deploy.0 = Debug|Any CPU
		{C871EB93-8A11-4F31-BD1C-6C2FE6E055CE}.Debug|x64.ActiveCfg = Debug|Any CPU
		{C871EB93-8A11-4F31-BD1C-6C2FE6E055CE}.Debug|x64.Build.0 = Debug|Any CPU
		{C871EB93-8A11-4F31-BD1C-6C2FE6E055CE}.Debug|x64.Deploy.0 = Debug|Any CPU
		{C871EB93-8A11-4F31-BD1C-6C2FE6E055CE}.Debug|x86.ActiveCfg = Debug|Any CPU
		{C871EB93-8A11-4F31-BD1C-6C2FE6E055CE}.Debug|x86.Build.0 = Debug|Any CPU
		{C871EB93-8A11-4F31-BD1C-6C2FE6E055CE}.Debug|x86.Deploy.0 = Debug|Any CPU
		{C871EB93-8A11-4F31-BD1C-6C2FE6E055CE}.Release|Any CPU.ActiveCfg = Release|Any CPU
		{C871EB93-8A11-4F31-BD1C-6C2FE6E055CE}.Release|Any CPU.Build.0 = Release|Any CPU
		{C871EB93-8A11-4F31-BD1C-6C2FE6E055CE}.Release|Any CPU.Deploy.0 = Release|Any CPU
		{C871EB93-8A11-4F31-BD1C-6C2FE6E055CE}.Release|ARM.ActiveCfg = Release|Any CPU
		{C871EB93-8A11-4F31-BD1C-6C2FE6E055CE}.Release|ARM.Build.0 = Release|Any CPU
		{C871EB93-8A11-4F31-BD1C-6C2FE6E055CE}.Release|ARM.Deploy.0 = Release|Any CPU
		{C871EB93-8A11-4F31-BD1C-6C2FE6E055CE}.Release|iPhone.ActiveCfg = Release|Any CPU
		{C871EB93-8A11-4F31-BD1C-6C2FE6E055CE}.Release|iPhone.Build.0 = Release|Any CPU
		{C871EB93-8A11-4F31-BD1C-6C2FE6E055CE}.Release|iPhone.Deploy.0 = Release|Any CPU
		{C871EB93-8A11-4F31-BD1C-6C2FE6E055CE}.Release|iPhoneSimulator.ActiveCfg = Release|Any CPU
		{C871EB93-8A11-4F31-BD1C-6C2FE6E055CE}.Release|iPhoneSimulator.Build.0 = Release|Any CPU
		{C871EB93-8A11-4F31-BD1C-6C2FE6E055CE}.Release|iPhoneSimulator.Deploy.0 = Release|Any CPU
		{C871EB93-8A11-4F31-BD1C-6C2FE6E055CE}.Release|x64.ActiveCfg = Release|Any CPU
		{C871EB93-8A11-4F31-BD1C-6C2FE6E055CE}.Release|x64.Build.0 = Release|Any CPU
		{C871EB93-8A11-4F31-BD1C-6C2FE6E055CE}.Release|x64.Deploy.0 = Release|Any CPU
		{C871EB93-8A11-4F31-BD1C-6C2FE6E055CE}.Release|x86.ActiveCfg = Release|Any CPU
		{C871EB93-8A11-4F31-BD1C-6C2FE6E055CE}.Release|x86.Build.0 = Release|Any CPU
		{C871EB93-8A11-4F31-BD1C-6C2FE6E055CE}.Release|x86.Deploy.0 = Release|Any CPU
	EndGlobalSection
	GlobalSection(SolutionProperties) = preSolution
		HideSolutionNode = FALSE
	EndGlobalSection
	GlobalSection(ExtensibilityGlobals) = postSolution
		SolutionGuid = {C7A2EB86-7D17-40A8-9EF2-8D6A4E3AA9A6}
	EndGlobalSection
EndGlobal
